{
  "version": 4,
  "terraform_version": "1.1.7",
  "serial": 13,
  "lineage": "f9a93c46-bc89-f6ac-4c69-8078a3f43298",
  "outputs": {},
  "resources": [
    {
      "mode": "managed",
      "type": "aws_internet_gateway",
      "name": "sufia-gateway",
      "provider": "provider[\"registry.terraform.io/hashicorp/aws\"]",
      "instances": [
        {
          "schema_version": 0,
          "attributes": {
            "arn": "arn:aws:ec2:eu-west-3:567749627506:internet-gateway/igw-015224d67e6a986ca",
            "id": "igw-015224d67e6a986ca",
            "owner_id": "567749627506",
            "tags": {
              "Name": "sufia-gateway"
            },
            "tags_all": {
              "Name": "sufia-gateway"
            },
            "vpc_id": "vpc-01888ab34669bd33c"
          },
          "sensitive_attributes": [],
          "private": "bnVsbA==",
          "dependencies": [
            "aws_vpc.sufia-vpc"
          ]
        }
      ]
    },
    {
      "mode": "managed",
      "type": "aws_route",
      "name": "sufia-route",
      "provider": "provider[\"registry.terraform.io/hashicorp/aws\"]",
      "instances": [
        {
          "schema_version": 0,
          "attributes": {
            "carrier_gateway_id": "",
            "destination_cidr_block": "0.0.0.0/0",
            "destination_ipv6_cidr_block": "",
            "destination_prefix_list_id": "",
            "egress_only_gateway_id": "",
            "gateway_id": "igw-015224d67e6a986ca",
            "id": "r-rtb-0680d5faf452735811080289494",
            "instance_id": "",
            "instance_owner_id": "",
            "local_gateway_id": "",
            "nat_gateway_id": "",
            "network_interface_id": "",
            "origin": "CreateRoute",
            "route_table_id": "rtb-0680d5faf45273581",
            "state": "active",
            "timeouts": null,
            "transit_gateway_id": "",
            "vpc_endpoint_id": "",
            "vpc_peering_connection_id": ""
          },
          "sensitive_attributes": [],
          "private": "eyJlMmJmYjczMC1lY2FhLTExZTYtOGY4OC0zNDM2M2JjN2M0YzAiOnsiY3JlYXRlIjozMDAwMDAwMDAwMDAsImRlbGV0ZSI6MzAwMDAwMDAwMDAwLCJ1cGRhdGUiOjEyMDAwMDAwMDAwMH19",
          "dependencies": [
            "aws_internet_gateway.sufia-gateway",
            "aws_vpc.sufia-vpc"
          ]
        }
      ]
    },
    {
      "mode": "managed",
      "type": "aws_vpc",
      "name": "sufia-vpc",
      "provider": "provider[\"registry.terraform.io/hashicorp/aws\"]",
      "instances": [
        {
          "schema_version": 1,
          "attributes": {
            "arn": "arn:aws:ec2:eu-west-3:567749627506:vpc/vpc-01888ab34669bd33c",
            "assign_generated_ipv6_cidr_block": false,
            "cidr_block": "2.2.0.0/16",
            "default_network_acl_id": "acl-0762b837dae0c8e50",
            "default_route_table_id": "rtb-0680d5faf45273581",
            "default_security_group_id": "sg-0c17aac8bdea85fb3",
            "dhcp_options_id": "dopt-0cbde7c37be30ba96",
            "enable_classiclink": false,
            "enable_classiclink_dns_support": false,
            "enable_dns_hostnames": false,
            "enable_dns_support": true,
            "id": "vpc-01888ab34669bd33c",
            "instance_tenancy": "default",
            "ipv4_ipam_pool_id": null,
            "ipv4_netmask_length": null,
            "ipv6_association_id": "",
            "ipv6_cidr_block": "",
            "ipv6_cidr_block_network_border_group": "",
            "ipv6_ipam_pool_id": "",
            "ipv6_netmask_length": 0,
            "main_route_table_id": "rtb-0680d5faf45273581",
            "owner_id": "567749627506",
            "tags": {
              "Name": "sufia-vpc"
            },
            "tags_all": {
              "Name": "sufia-vpc"
            }
          },
          "sensitive_attributes": [],
          "private": "eyJzY2hlbWFfdmVyc2lvbiI6IjEifQ=="
        }
      ]
    }
  ]
}
