{
  "version": 4,
  "terraform_version": "1.1.7",
  "serial": 1,
  "lineage": "e99aa804-29ec-a83b-9cb3-0912e21e9490",
  "outputs": {},
  "resources": [
    {
      "mode": "managed",
      "type": "github_repository",
      "name": "examplerepo",
      "provider": "provider[\"registry.terraform.io/integrations/github\"]",
      "instances": [
        {
          "schema_version": 0,
          "attributes": {
            "allow_merge_commit": true,
            "allow_rebase_merge": true,
            "allow_squash_merge": true,
            "archive_on_destroy": null,
            "archived": false,
            "auto_init": null,
            "default_branch": "main",
            "delete_branch_on_merge": false,
            "description": "",
            "etag": "W/\"1b7dd8b823e8af71de00248b4f911e041805b24db35c5511b50e130e57aa3a0d\"",
            "full_name": "sufiaalmas/terraformAccentureTraining7thApr",
            "git_clone_url": "git://github.com/sufiaalmas/terraformAccentureTraining7thApr.git",
            "gitignore_template": null,
            "has_downloads": false,
            "has_issues": false,
            "has_projects": false,
            "has_wiki": false,
            "homepage_url": "",
            "html_url": "https://github.com/sufiaalmas/terraformAccentureTraining7thApr",
            "http_clone_url": "https://github.com/sufiaalmas/terraformAccentureTraining7thApr.git",
            "id": "terraformAccentureTraining7thApr",
            "is_template": false,
            "license_template": null,
            "name": "terraformAccentureTraining7thApr",
            "node_id": "R_kgDOHIqOEw",
            "pages": [],
            "private": false,
            "repo_id": 478842387,
            "ssh_clone_url": "git@github.com:sufiaalmas/terraformAccentureTraining7thApr.git",
            "svn_url": "https://github.com/sufiaalmas/terraformAccentureTraining7thApr",
            "template": [],
            "topics": null,
            "visibility": "public",
            "vulnerability_alerts": false
          },
          "sensitive_attributes": [],
          "private": "bnVsbA=="
        }
      ]
    }
  ]
}
